
Microsoft Visual Studio Solution File, Format Version 12.00
# Visual Studio Version 17
VisualStudioVersion = 17.9.34616.47
MinimumVisualStudioVersion = 10.0.40219.1
Project("{9A19103F-16F7-4668-BE54-9A1E7A4F7556}") = "FirebaseOps", "FirebaseOps.csproj", "{6C52293E-94B1-42A1-8780-CB31BD26E131}"
EndProject
Global
	GlobalSection(SolutionConfigurationPlatforms) = preSolution
		Debug|Any CPU = Debug|Any CPU
		Release|Any CPU = Release|Any CPU
	EndGlobalSection
	GlobalSection(ProjectConfigurationPlatforms) = postSolution
		{6C52293E-94B1-42A1-8780-CB31BD26E131}.Debug|Any CPU.ActiveCfg = Debug|Any CPU
		{6C52293E-94B1-42A1-8780-CB31BD26E131}.Debug|Any CPU.Build.0 = Debug|Any CPU
		{6C52293E-94B1-42A1-8780-CB31BD26E131}.Release|Any CPU.ActiveCfg = Release|Any CPU
		{6C52293E-94B1-42A1-8780-CB31BD26E131}.Release|Any CPU.Build.0 = Release|Any CPU
	EndGlobalSection
	GlobalSection(SolutionProperties) = preSolution
		HideSolutionNode = FALSE
	EndGlobalSection
	GlobalSection(ExtensibilityGlobals) = postSolution
		SolutionGuid = {4E7180A7-7998-43F9-A974-8EEA5BD3134D}
	EndGlobalSection
EndGlobal
